{
  "name": "bicycle-mall",
  "version": "1.0.0",
  "lockfileVersion": 1,
  "requires": true,
  "dependencies": {
    "@miniprogram-component-plus/tabs": {
      "version": "1.0.0",
      "resolved": "https://registry.npmjs.org/@miniprogram-component-plus/tabs/-/tabs-1.0.0.tgz",
      "integrity": "sha512-oV9dFpIoYAz0IbDECS9toS1GHivWoAd1cchxeZKCBV3PoPCEipHOeXQS3K2USr7EY8LDyfg3f0tDAacPfagYjg=="
    },
    "dayjs": {
      "version": "1.9.7",
      "resolved": "https://registry.npm.taobao.org/dayjs/download/dayjs-1.9.7.tgz?cache=0&sync_timestamp=1607178538136&other_urls=https%3A%2F%2Fregistry.npm.taobao.org%2Fdayjs%2Fdownload%2Fdayjs-1.9.7.tgz",
      "integrity": "sha1-SyYLsX3O7S1fKQON/uA8ZaZ4b8A="
    }
  }
}
